
Microsoft Visual Studio Solution File, Format Version 12.00
# Visual Studio 2012
Project("{FAE04EC0-301F-11D3-BF4B-00C04F79EFBC}") = "FiXiAPIsamples", "FiXiAPIsamples\FiXiAPIsamples.csproj", "{4332E2E2-6E6E-4375-B887-68D9B8B25524}"
EndProject
Global
	GlobalSection(TeamFoundationVersionControl) = preSolution
		SccNumberOfProjects = 2
		SccEnterpriseProvider = {4CA58AB2-18FA-4F8D-95D4-32DDF27D184C}
		SccTeamFoundationServer = http://tfs.sope.com.au:8080/tfs/fixi
		SccLocalPath0 = .
		SccProjectUniqueName1 = FiXiAPIsamples\\FiXiAPIsamples.csproj
		SccProjectName1 = FiXiAPIsamples
		SccLocalPath1 = FiXiAPIsamples
	EndGlobalSection
	GlobalSection(SolutionConfigurationPlatforms) = preSolution
		Debug|Any CPU = Debug|Any CPU
		Release|Any CPU = Release|Any CPU
	EndGlobalSection
	GlobalSection(ProjectConfigurationPlatforms) = postSolution
		{4332E2E2-6E6E-4375-B887-68D9B8B25524}.Debug|Any CPU.ActiveCfg = Debug|Any CPU
		{4332E2E2-6E6E-4375-B887-68D9B8B25524}.Debug|Any CPU.Build.0 = Debug|Any CPU
		{4332E2E2-6E6E-4375-B887-68D9B8B25524}.Release|Any CPU.ActiveCfg = Release|Any CPU
		{4332E2E2-6E6E-4375-B887-68D9B8B25524}.Release|Any CPU.Build.0 = Release|Any CPU
	EndGlobalSection
	GlobalSection(SolutionProperties) = preSolution
		HideSolutionNode = FALSE
	EndGlobalSection
EndGlobal
